{
  "name": "mikrolog-demo",
  "version": "1.0.0",
  "lockfileVersion": 2,
  "requires": true,
  "packages": {
    "": {
      "name": "mikrolog-demo",
      "version": "1.0.0",
      "dependencies": {
        "mikrolog": "2",
        "mikrotrace": "2"
      },
      "engines": {
        "node": ">=16.0.0",
        "npm": ">=8.0.0"
      }
    },
    "node_modules/mikrolog": {
      "version": "2.0.0",
      "resolved": "https://registry.npmjs.org/mikrolog/-/mikrolog-2.0.0.tgz",
      "integrity": "sha512-kXPI0mK3weIm5LC2DvWoAIOrFvPRYsYBXkjqOsMBz0rMJyaK3zYtstKxnST3Cxjm1yTlSbdEPAII0rdnYSTHgw=="
    },
    "node_modules/mikrotrace": {
      "version": "2.0.0",
      "resolved": "https://registry.npmjs.org/mikrotrace/-/mikrotrace-2.0.0.tgz",
      "integrity": "sha512-/RxyrZeNcNtH/DkLkxN4r8HHZhs6aoO6CF0sgkMHUk/D3ispZ72T4bkugZoJpKDkWC4nxdxRpSaK18RQX8XaDw=="
    }
  },
  "dependencies": {
    "mikrolog": {
      "version": "2.0.0",
      "resolved": "https://registry.npmjs.org/mikrolog/-/mikrolog-2.0.0.tgz",
      "integrity": "sha512-kXPI0mK3weIm5LC2DvWoAIOrFvPRYsYBXkjqOsMBz0rMJyaK3zYtstKxnST3Cxjm1yTlSbdEPAII0rdnYSTHgw=="
    },
    "mikrotrace": {
      "version": "2.0.0",
      "resolved": "https://registry.npmjs.org/mikrotrace/-/mikrotrace-2.0.0.tgz",
      "integrity": "sha512-/RxyrZeNcNtH/DkLkxN4r8HHZhs6aoO6CF0sgkMHUk/D3ispZ72T4bkugZoJpKDkWC4nxdxRpSaK18RQX8XaDw=="
    }
  }
}
